
Microsoft Visual Studio Solution File, Format Version 12.00
# Visual Studio 2012
Project("{FAE04EC0-301F-11D3-BF4B-00C04F79EFBC}") = "WineScraper", "WineScraper.csproj", "{64393E52-9E6F-4F46-B0FA-07094C7F8BAB}"
EndProject
Global
	GlobalSection(SolutionConfigurationPlatforms) = preSolution
		Debug|Any CPU = Debug|Any CPU
		Release|Any CPU = Release|Any CPU
	EndGlobalSection
	GlobalSection(ProjectConfigurationPlatforms) = postSolution
		{64393E52-9E6F-4F46-B0FA-07094C7F8BAB}.Debug|Any CPU.ActiveCfg = Debug|Any CPU
		{64393E52-9E6F-4F46-B0FA-07094C7F8BAB}.Debug|Any CPU.Build.0 = Debug|Any CPU
		{64393E52-9E6F-4F46-B0FA-07094C7F8BAB}.Release|Any CPU.ActiveCfg = Release|Any CPU
		{64393E52-9E6F-4F46-B0FA-07094C7F8BAB}.Release|Any CPU.Build.0 = Release|Any CPU
	EndGlobalSection
	GlobalSection(SolutionProperties) = preSolution
		HideSolutionNode = FALSE
	EndGlobalSection
EndGlobal
